// !$*UTF8*$!
{
	archiveVersion = 1;
	classes = {
	};
	objectVersion = 55;
	objects = {

/* Begin PBXBuildFile section */
		18090BF62769B7CF00EB28B8 /* LapTableViewCell.swift in Sources */ = {isa = PBXBuildFile; fileRef = 18090BF52769B7CF00EB28B8 /* LapTableViewCell.swift */; };
		180AB6DE2768324400BFECC8 /* Stopwatch.swift in Sources */ = {isa = PBXBuildFile; fileRef = 180AB6DB2768324400BFECC8 /* Stopwatch.swift */; };
		180AB6DF2768324400BFECC8 /* Lap.swift in Sources */ = {isa = PBXBuildFile; fileRef = 180AB6DC2768324400BFECC8 /* Lap.swift */; };
		180AB6E02768324400BFECC8 /* StopwatchViewController.swift in Sources */ = {isa = PBXBuildFile; fileRef = 180AB6DD2768324400BFECC8 /* StopwatchViewController.swift */; };
		181CC9EE276A793B0062B856 /* UIColor+Brightness.swift in Sources */ = {isa = PBXBuildFile; fileRef = 181CC9ED276A793B0062B856 /* UIColor+Brightness.swift */; };
		181CC9F0276AB3AC0062B856 /* ColorConstants.swift in Sources */ = {isa = PBXBuildFile; fileRef = 181CC9EF276AB3AC0062B856 /* ColorConstants.swift */; };
		181CC9F3276ACA270062B856 /* UIButton+Background.swift in Sources */ = {isa = PBXBuildFile; fileRef = 181CC9F2276ACA270062B856 /* UIButton+Background.swift */; };
		1826E364276830DF0019B3A3 /* AppDelegate.swift in Sources */ = {isa = PBXBuildFile; fileRef = 1826E363276830DF0019B3A3 /* AppDelegate.swift */; };
		1826E366276830DF0019B3A3 /* SceneDelegate.swift in Sources */ = {isa = PBXBuildFile; fileRef = 1826E365276830DF0019B3A3 /* SceneDelegate.swift */; };
		1826E36D276830E10019B3A3 /* Assets.xcassets in Resources */ = {isa = PBXBuildFile; fileRef = 1826E36C276830E10019B3A3 /* Assets.xcassets */; };
		1826E370276830E10019B3A3 /* LaunchScreen.storyboard in Resources */ = {isa = PBXBuildFile; fileRef = 1826E36E276830E10019B3A3 /* LaunchScreen.storyboard */; };
		1826E37B276830E10019B3A3 /* StopwatchTests.swift in Sources */ = {isa = PBXBuildFile; fileRef = 1826E37A276830E10019B3A3 /* StopwatchTests.swift */; };
		1826E385276830E10019B3A3 /* StopwatchUITests.swift in Sources */ = {isa = PBXBuildFile; fileRef = 1826E384276830E10019B3A3 /* StopwatchUITests.swift */; };
		1826E387276830E10019B3A3 /* StopwatchUITestsLaunchTests.swift in Sources */ = {isa = PBXBuildFile; fileRef = 1826E386276830E10019B3A3 /* StopwatchUITestsLaunchTests.swift */; };
		1864DB00276BB268008AF6A8 /* README.md in Resources */ = {isa = PBXBuildFile; fileRef = 1864DAFF276BB268008AF6A8 /* README.md */; };
		1864DB02276BB36B008AF6A8 /* LICENSE in Resources */ = {isa = PBXBuildFile; fileRef = 1864DB01276BB36B008AF6A8 /* LICENSE */; };
		1864DB0C276BBDC8008AF6A8 /* Screenshot.png in Resources */ = {isa = PBXBuildFile; fileRef = 1864DB0B276BBDC8008AF6A8 /* Screenshot.png */; };
/* End PBXBuildFile section */

/* Begin PBXContainerItemProxy section */
		1826E377276830E10019B3A3 /* PBXContainerItemProxy */ = {
			isa = PBXContainerItemProxy;
			containerPortal = 1826E358276830DF0019B3A3 /* Project object */;
			proxyType = 1;
			remoteGlobalIDString = 1826E35F276830DF0019B3A3;
			remoteInfo = Stopwatch;
		};
		1826E381276830E10019B3A3 /* PBXContainerItemProxy */ = {
			isa = PBXContainerItemProxy;
			containerPortal = 1826E358276830DF0019B3A3 /* Project object */;
			proxyType = 1;
			remoteGlobalIDString = 1826E35F276830DF0019B3A3;
			remoteInfo = Stopwatch;
		};
/* End PBXContainerItemProxy section */

/* Begin PBXFileReference section */
		18090BF52769B7CF00EB28B8 /* LapTableViewCell.swift */ = {isa = PBXFileReference; lastKnownFileType = sourcecode.swift; path = LapTableViewCell.swift; sourceTree = "<group>"; };
		180AB6DB2768324400BFECC8 /* Stopwatch.swift */ = {isa = PBXFileReference; fileEncoding = 4; lastKnownFileType = sourcecode.swift; path = Stopwatch.swift; sourceTree = "<group>"; };
		180AB6DC2768324400BFECC8 /* Lap.swift */ = {isa = PBXFileReference; fileEncoding = 4; lastKnownFileType = sourcecode.swift; path = Lap.swift; sourceTree = "<group>"; };
		180AB6DD2768324400BFECC8 /* StopwatchViewController.swift */ = {isa = PBXFileReference; fileEncoding = 4; lastKnownFileType = sourcecode.swift; path = StopwatchViewController.swift; sourceTree = "<group>"; };
		181CC9ED276A793B0062B856 /* UIColor+Brightness.swift */ = {isa = PBXFileReference; lastKnownFileType = sourcecode.swift; path = "UIColor+Brightness.swift"; sourceTree = "<group>"; };
		181CC9EF276AB3AC0062B856 /* ColorConstants.swift */ = {isa = PBXFileReference; lastKnownFileType = sourcecode.swift; path = ColorConstants.swift; sourceTree = "<group>"; };
		181CC9F2276ACA270062B856 /* UIButton+Background.swift */ = {isa = PBXFileReference; lastKnownFileType = sourcecode.swift; path = "UIButton+Background.swift"; sourceTree = "<group>"; };
		1826E360276830DF0019B3A3 /* Stopwatch.app */ = {isa = PBXFileReference; explicitFileType = wrapper.application; includeInIndex = 0; path = Stopwatch.app; sourceTree = BUILT_PRODUCTS_DIR; };
		1826E363276830DF0019B3A3 /* AppDelegate.swift */ = {isa = PBXFileReference; lastKnownFileType = sourcecode.swift; path = AppDelegate.swift; sourceTree = "<group>"; };
		1826E365276830DF0019B3A3 /* SceneDelegate.swift */ = {isa = PBXFileReference; lastKnownFileType = sourcecode.swift; path = SceneDelegate.swift; sourceTree = "<group>"; };
		1826E36C276830E10019B3A3 /* Assets.xcassets */ = {isa = PBXFileReference; lastKnownFileType = folder.assetcatalog; path = Assets.xcassets; sourceTree = "<group>"; };
		1826E36F276830E10019B3A3 /* Base */ = {isa = PBXFileReference; lastKnownFileType = file.storyboard; name = Base; path = Base.lproj/LaunchScreen.storyboard; sourceTree = "<group>"; };
		1826E371276830E10019B3A3 /* Info.plist */ = {isa = PBXFileReference; lastKnownFileType = text.plist.xml; path = Info.plist; sourceTree = "<group>"; };
		1826E376276830E10019B3A3 /* StopwatchTests.xctest */ = {isa = PBXFileReference; explicitFileType = wrapper.cfbundle; includeInIndex = 0; path = StopwatchTests.xctest; sourceTree = BUILT_PRODUCTS_DIR; };
		1826E37A276830E10019B3A3 /* StopwatchTests.swift */ = {isa = PBXFileReference; lastKnownFileType = sourcecode.swift; path = StopwatchTests.swift; sourceTree = "<group>"; };
		1826E380276830E10019B3A3 /* StopwatchUITests.xctest */ = {isa = PBXFileReference; explicitFileType = wrapper.cfbundle; includeInIndex = 0; path = StopwatchUITests.xctest; sourceTree = BUILT_PRODUCTS_DIR; };
		1826E384276830E10019B3A3 /* StopwatchUITests.swift */ = {isa = PBXFileReference; lastKnownFileType = sourcecode.swift; path = StopwatchUITests.swift; sourceTree = "<group>"; };
		1826E386276830E10019B3A3 /* StopwatchUITestsLaunchTests.swift */ = {isa = PBXFileReference; lastKnownFileType = sourcecode.swift; path = StopwatchUITestsLaunchTests.swift; sourceTree = "<group>"; };
		1864DAFF276BB268008AF6A8 /* README.md */ = {isa = PBXFileReference; lastKnownFileType = net.daringfireball.markdown; path = README.md; sourceTree = "<group>"; };
		1864DB01276BB36B008AF6A8 /* LICENSE */ = {isa = PBXFileReference; lastKnownFileType = text; path = LICENSE; sourceTree = "<group>"; };
		1864DB0B276BBDC8008AF6A8 /* Screenshot.png */ = {isa = PBXFileReference; lastKnownFileType = image.png; path = Screenshot.png; sourceTree = "<group>"; };
/* End PBXFileReference section */

/* Begin PBXFrameworksBuildPhase section */
		1826E35D276830DF0019B3A3 /* Frameworks */ = {
			isa = PBXFrameworksBuildPhase;
			buildActionMask = 2147483647;
			files = (
			);
			runOnlyForDeploymentPostprocessing = 0;
		};
		1826E373276830E10019B3A3 /* Frameworks */ = {
			isa = PBXFrameworksBuildPhase;
			buildActionMask = 2147483647;
			files = (
			);
			runOnlyForDeploymentPostprocessing = 0;
		};
		1826E37D276830E10019B3A3 /* Frameworks */ = {
			isa = PBXFrameworksBuildPhase;
			buildActionMask = 2147483647;
			files = (
			);
			runOnlyForDeploymentPostprocessing = 0;
		};
/* End PBXFrameworksBuildPhase section */

/* Begin PBXGroup section */
		180AB6DA2768324400BFECC8 /* Models */ = {
			isa = PBXGroup;
			children = (
				180AB6DB2768324400BFECC8 /* Stopwatch.swift */,
				180AB6DC2768324400BFECC8 /* Lap.swift */,
			);
			path = Models;
			sourceTree = "<group>";
		};
		181CC9E9276A6B5C0062B856 /* Views */ = {
			isa = PBXGroup;
			children = (
				18090BF52769B7CF00EB28B8 /* LapTableViewCell.swift */,
			);
			path = Views;
			sourceTree = "<group>";
		};
		181CC9EC276A78890062B856 /* Extensions */ = {
			isa = PBXGroup;
			children = (
				181CC9ED276A793B0062B856 /* UIColor+Brightness.swift */,
				181CC9F2276ACA270062B856 /* UIButton+Background.swift */,
			);
			path = Extensions;
			sourceTree = "<group>";
		};
		181CC9F1276AB4430062B856 /* Constants */ = {
			isa = PBXGroup;
			children = (
				181CC9EF276AB3AC0062B856 /* ColorConstants.swift */,
			);
			path = Constants;
			sourceTree = "<group>";
		};
		1826E357276830DF0019B3A3 = {
			isa = PBXGroup;
			children = (
				1864DB0B276BBDC8008AF6A8 /* Screenshot.png */,
				1864DB01276BB36B008AF6A8 /* LICENSE */,
				1864DAFF276BB268008AF6A8 /* README.md */,
				1826E362276830DF0019B3A3 /* Stopwatch */,
				1826E379276830E10019B3A3 /* StopwatchTests */,
				1826E383276830E10019B3A3 /* StopwatchUITests */,
				1826E361276830DF0019B3A3 /* Products */,
			);
			sourceTree = "<group>";
		};
		1826E361276830DF0019B3A3 /* Products */ = {
			isa = PBXGroup;
			children = (
				1826E360276830DF0019B3A3 /* Stopwatch.app */,
				1826E376276830E10019B3A3 /* StopwatchTests.xctest */,
				1826E380276830E10019B3A3 /* StopwatchUITests.xctest */,
			);
			name = Products;
			sourceTree = "<group>";
		};
		1826E362276830DF0019B3A3 /* Stopwatch */ = {
			isa = PBXGroup;
			children = (
				181CC9F1276AB4430062B856 /* Constants */,
				181CC9EC276A78890062B856 /* Extensions */,
				181CC9E9276A6B5C0062B856 /* Views */,
				180AB6DA2768324400BFECC8 /* Models */,
				180AB6DD2768324400BFECC8 /* StopwatchViewController.swift */,
				1826E363276830DF0019B3A3 /* AppDelegate.swift */,
				1826E365276830DF0019B3A3 /* SceneDelegate.swift */,
				1826E36C276830E10019B3A3 /* Assets.xcassets */,
				1826E36E276830E10019B3A3 /* LaunchScreen.storyboard */,
				1826E371276830E10019B3A3 /* Info.plist */,
			);
			path = Stopwatch;
			sourceTree = "<group>";
		};
		1826E379276830E10019B3A3 /* StopwatchTests */ = {
			isa = PBXGroup;
			children = (
				1826E37A276830E10019B3A3 /* StopwatchTests.swift */,
			);
			path = StopwatchTests;
			sourceTree = "<group>";
		};
		1826E383276830E10019B3A3 /* StopwatchUITests */ = {
			isa = PBXGroup;
			children = (
				1826E384276830E10019B3A3 /* StopwatchUITests.swift */,
				1826E386276830E10019B3A3 /* StopwatchUITestsLaunchTests.swift */,
			);
			path = StopwatchUITests;
			sourceTree = "<group>";
		};
/* End PBXGroup section */

/* Begin PBXNativeTarget section */
		1826E35F276830DF0019B3A3 /* Stopwatch */ = {
			isa = PBXNativeTarget;
			buildConfigurationList = 1826E38A276830E10019B3A3 /* Build configuration list for PBXNativeTarget "Stopwatch" */;
			buildPhases = (
				18D5F87F27683E9A007C7CFE /* ShellScript */,
				1826E35C276830DF0019B3A3 /* Sources */,
				1826E35D276830DF0019B3A3 /* Frameworks */,
				1826E35E276830DF0019B3A3 /* Resources */,
			);
			buildRules = (
			);
			dependencies = (
			);
			name = Stopwatch;
			productName = Stopwatch;
			productReference = 1826E360276830DF0019B3A3 /* Stopwatch.app */;
			productType = "com.apple.product-type.application";
		};
		1826E375276830E10019B3A3 /* StopwatchTests */ = {
			isa = PBXNativeTarget;
			buildConfigurationList = 1826E38D276830E10019B3A3 /* Build configuration list for PBXNativeTarget "StopwatchTests" */;
			buildPhases = (
				1826E372276830E10019B3A3 /* Sources */,
				1826E373276830E10019B3A3 /* Frameworks */,
				1826E374276830E10019B3A3 /* Resources */,
			);
			buildRules = (
			);
			dependencies = (
				1826E378276830E10019B3A3 /* PBXTargetDependency */,
			);
			name = StopwatchTests;
			productName = StopwatchTests;
			productReference = 1826E376276830E10019B3A3 /* StopwatchTests.xctest */;
			productType = "com.apple.product-type.bundle.unit-test";
		};
		1826E37F276830E10019B3A3 /* StopwatchUITests */ = {
			isa = PBXNativeTarget;
			buildConfigurationList = 1826E390276830E10019B3A3 /* Build configuration list for PBXNativeTarget "StopwatchUITests" */;
			buildPhases = (
				1826E37C276830E10019B3A3 /* Sources */,
				1826E37D276830E10019B3A3 /* Frameworks */,
				1826E37E276830E10019B3A3 /* Resources */,
			);
			buildRules = (
			);
			dependencies = (
				1826E382276830E10019B3A3 /* PBXTargetDependency */,
			);
			name = StopwatchUITests;
			productName = StopwatchUITests;
			productReference = 1826E380276830E10019B3A3 /* StopwatchUITests.xctest */;
			productType = "com.apple.product-type.bundle.ui-testing";
		};
/* End PBXNativeTarget section */

/* Begin PBXProject section */
		1826E358276830DF0019B3A3 /* Project object */ = {
			isa = PBXProject;
			attributes = {
				BuildIndependentTargetsInParallel = 1;
				LastSwiftUpdateCheck = 1310;
				LastUpgradeCheck = 1310;
				TargetAttributes = {
					1826E35F276830DF0019B3A3 = {
						CreatedOnToolsVersion = 13.1;
					};
					1826E375276830E10019B3A3 = {
						CreatedOnToolsVersion = 13.1;
						TestTargetID = 1826E35F276830DF0019B3A3;
					};
					1826E37F276830E10019B3A3 = {
						CreatedOnToolsVersion = 13.1;
						TestTargetID = 1826E35F276830DF0019B3A3;
					};
				};
			};
			buildConfigurationList = 1826E35B276830DF0019B3A3 /* Build configuration list for PBXProject "Stopwatch" */;
			compatibilityVersion = "Xcode 13.0";
			developmentRegion = en;
			hasScannedForEncodings = 0;
			knownRegions = (
				en,
				Base,
			);
			mainGroup = 1826E357276830DF0019B3A3;
			productRefGroup = 1826E361276830DF0019B3A3 /* Products */;
			projectDirPath = "";
			projectRoot = "";
			targets = (
				1826E35F276830DF0019B3A3 /* Stopwatch */,
				1826E375276830E10019B3A3 /* StopwatchTests */,
				1826E37F276830E10019B3A3 /* StopwatchUITests */,
			);
		};
/* End PBXProject section */

/* Begin PBXResourcesBuildPhase section */
		1826E35E276830DF0019B3A3 /* Resources */ = {
			isa = PBXResourcesBuildPhase;
			buildActionMask = 2147483647;
			files = (
				1864DB00276BB268008AF6A8 /* README.md in Resources */,
				1826E370276830E10019B3A3 /* LaunchScreen.storyboard in Resources */,
				1864DB02276BB36B008AF6A8 /* LICENSE in Resources */,
				1826E36D276830E10019B3A3 /* Assets.xcassets in Resources */,
				1864DB0C276BBDC8008AF6A8 /* Screenshot.png in Resources */,
			);
			runOnlyForDeploymentPostprocessing = 0;
		};
		1826E374276830E10019B3A3 /* Resources */ = {
			isa = PBXResourcesBuildPhase;
			buildActionMask = 2147483647;
			files = (
			);
			runOnlyForDeploymentPostprocessing = 0;
		};
		1826E37E276830E10019B3A3 /* Resources */ = {
			isa = PBXResourcesBuildPhase;
			buildActionMask = 2147483647;
			files = (
			);
			runOnlyForDeploymentPostprocessing = 0;
		};
/* End PBXResourcesBuildPhase section */

/* Begin PBXShellScriptBuildPhase section */
		18D5F87F27683E9A007C7CFE /* ShellScript */ = {
			isa = PBXShellScriptBuildPhase;
			buildActionMask = 2147483647;
			files = (
			);
			inputFileListPaths = (
			);
			inputPaths = (
			);
			outputFileListPaths = (
			);
			outputPaths = (
			);
			runOnlyForDeploymentPostprocessing = 0;
			shellPath = /bin/sh;
			shellScript = "if test -d \"/opt/homebrew/bin/\"; then\n  PATH=\"/opt/homebrew/bin/:${PATH}\"\nfi\n\nexport PATH\n\nif which swiftlint >/dev/null; then\n  swiftlint\nelse\n  echo \"warning: SwiftLint not installed, download from https://github.com/realm/SwiftLint\"\nfi\n";
		};
/* End PBXShellScriptBuildPhase section */

/* Begin PBXSourcesBuildPhase section */
		1826E35C276830DF0019B3A3 /* Sources */ = {
			isa = PBXSourcesBuildPhase;
			buildActionMask = 2147483647;
			files = (
				180AB6E02768324400BFECC8 /* StopwatchViewController.swift in Sources */,
				181CC9F0276AB3AC0062B856 /* ColorConstants.swift in Sources */,
				18090BF62769B7CF00EB28B8 /* LapTableViewCell.swift in Sources */,
				1826E364276830DF0019B3A3 /* AppDelegate.swift in Sources */,
				181CC9EE276A793B0062B856 /* UIColor+Brightness.swift in Sources */,
				180AB6DF2768324400BFECC8 /* Lap.swift in Sources */,
				180AB6DE2768324400BFECC8 /* Stopwatch.swift in Sources */,
				1826E366276830DF0019B3A3 /* SceneDelegate.swift in Sources */,
				181CC9F3276ACA270062B856 /* UIButton+Background.swift in Sources */,
			);
			runOnlyForDeploymentPostprocessing = 0;
		};
		1826E372276830E10019B3A3 /* Sources */ = {
			isa = PBXSourcesBuildPhase;
			buildActionMask = 2147483647;
			files = (
				1826E37B276830E10019B3A3 /* StopwatchTests.swift in Sources */,
			);
			runOnlyForDeploymentPostprocessing = 0;
		};
		1826E37C276830E10019B3A3 /* Sources */ = {
			isa = PBXSourcesBuildPhase;
			buildActionMask = 2147483647;
			files = (
				1826E387276830E10019B3A3 /* StopwatchUITestsLaunchTests.swift in Sources */,
				1826E385276830E10019B3A3 /* StopwatchUITests.swift in Sources */,
			);
			runOnlyForDeploymentPostprocessing = 0;
		};
/* End PBXSourcesBuildPhase section */

/* Begin PBXTargetDependency section */
		1826E378276830E10019B3A3 /* PBXTargetDependency */ = {
			isa = PBXTargetDependency;
			target = 1826E35F276830DF0019B3A3 /* Stopwatch */;
			targetProxy = 1826E377276830E10019B3A3 /* PBXContainerItemProxy */;
		};
		1826E382276830E10019B3A3 /* PBXTargetDependency */ = {
			isa = PBXTargetDependency;
			target = 1826E35F276830DF0019B3A3 /* Stopwatch */;
			targetProxy = 1826E381276830E10019B3A3 /* PBXContainerItemProxy */;
		};
/* End PBXTargetDependency section */

/* Begin PBXVariantGroup section */
		1826E36E276830E10019B3A3 /* LaunchScreen.storyboard */ = {
			isa = PBXVariantGroup;
			children = (
				1826E36F276830E10019B3A3 /* Base */,
			);
			name = LaunchScreen.storyboard;
			sourceTree = "<group>";
		};
/* End PBXVariantGroup section */

/* Begin XCBuildConfiguration section */
		1826E388276830E10019B3A3 /* Debug */ = {
			isa = XCBuildConfiguration;
			buildSettings = {
				ALWAYS_SEARCH_USER_PATHS = NO;
				CLANG_ANALYZER_NONNULL = YES;
				CLANG_ANALYZER_NUMBER_OBJECT_CONVERSION = YES_AGGRESSIVE;
				CLANG_CXX_LANGUAGE_STANDARD = "gnu++17";
				CLANG_CXX_LIBRARY = "libc++";
				CLANG_ENABLE_MODULES = YES;
				CLANG_ENABLE_OBJC_ARC = YES;
				CLANG_ENABLE_OBJC_WEAK = YES;
				CLANG_WARN_BLOCK_CAPTURE_AUTORELEASING = YES;
				CLANG_WARN_BOOL_CONVERSION = YES;
				CLANG_WARN_COMMA = YES;
				CLANG_WARN_CONSTANT_CONVERSION = YES;
				CLANG_WARN_DEPRECATED_OBJC_IMPLEMENTATIONS = YES;
				CLANG_WARN_DIRECT_OBJC_ISA_USAGE = YES_ERROR;
				CLANG_WARN_DOCUMENTATION_COMMENTS = YES;
				CLANG_WARN_EMPTY_BODY = YES;
				CLANG_WARN_ENUM_CONVERSION = YES;
				CLANG_WARN_INFINITE_RECURSION = YES;
				CLANG_WARN_INT_CONVERSION = YES;
				CLANG_WARN_NON_LITERAL_NULL_CONVERSION = YES;
				CLANG_WARN_OBJC_IMPLICIT_RETAIN_SELF = YES;
				CLANG_WARN_OBJC_LITERAL_CONVERSION = YES;
				CLANG_WARN_OBJC_ROOT_CLASS = YES_ERROR;
				CLANG_WARN_QUOTED_INCLUDE_IN_FRAMEWORK_HEADER = YES;
				CLANG_WARN_RANGE_LOOP_ANALYSIS = YES;
				CLANG_WARN_STRICT_PROTOTYPES = YES;
				CLANG_WARN_SUSPICIOUS_MOVE = YES;
				CLANG_WARN_UNGUARDED_AVAILABILITY = YES_AGGRESSIVE;
				CLANG_WARN_UNREACHABLE_CODE = YES;
				CLANG_WARN__DUPLICATE_METHOD_MATCH = YES;
				COPY_PHASE_STRIP = NO;
				DEBUG_INFORMATION_FORMAT = dwarf;
				ENABLE_STRICT_OBJC_MSGSEND = YES;
				ENABLE_TESTABILITY = YES;
				GCC_C_LANGUAGE_STANDARD = gnu11;
				GCC_DYNAMIC_NO_PIC = NO;
				GCC_NO_COMMON_BLOCKS = YES;
				GCC_OPTIMIZATION_LEVEL = 0;
				GCC_PREPROCESSOR_DEFINITIONS = (
					"DEBUG=1",
					"$(inherited)",
				);
				GCC_WARN_64_TO_32_BIT_CONVERSION = YES;
				GCC_WARN_ABOUT_RETURN_TYPE = YES_ERROR;
				GCC_WARN_UNDECLARED_SELECTOR = YES;
				GCC_WARN_UNINITIALIZED_AUTOS = YES_AGGRESSIVE;
				GCC_WARN_UNUSED_FUNCTION = YES;
				GCC_WARN_UNUSED_VARIABLE = YES;
				IPHONEOS_DEPLOYMENT_TARGET = 15.0;
				MTL_ENABLE_DEBUG_INFO = INCLUDE_SOURCE;
				MTL_FAST_MATH = YES;
				ONLY_ACTIVE_ARCH = YES;
				SDKROOT = iphoneos;
				SWIFT_ACTIVE_COMPILATION_CONDITIONS = DEBUG;
				SWIFT_OPTIMIZATION_LEVEL = "-Onone";
			};
			name = Debug;
		};
		1826E389276830E10019B3A3 /* Release */ = {
			isa = XCBuildConfiguration;
			buildSettings = {
				ALWAYS_SEARCH_USER_PATHS = NO;
				CLANG_ANALYZER_NONNULL = YES;
				CLANG_ANALYZER_NUMBER_OBJECT_CONVERSION = YES_AGGRESSIVE;
				CLANG_CXX_LANGUAGE_STANDARD = "gnu++17";
				CLANG_CXX_LIBRARY = "libc++";
				CLANG_ENABLE_MODULES = YES;
				CLANG_ENABLE_OBJC_ARC = YES;
				CLANG_ENABLE_OBJC_WEAK = YES;
				CLANG_WARN_BLOCK_CAPTURE_AUTORELEASING = YES;
				CLANG_WARN_BOOL_CONVERSION = YES;
				CLANG_WARN_COMMA = YES;
				CLANG_WARN_CONSTANT_CONVERSION = YES;
				CLANG_WARN_DEPRECATED_OBJC_IMPLEMENTATIONS = YES;
				CLANG_WARN_DIRECT_OBJC_ISA_USAGE = YES_ERROR;
				CLANG_WARN_DOCUMENTATION_COMMENTS = YES;
				CLANG_WARN_EMPTY_BODY = YES;
				CLANG_WARN_ENUM_CONVERSION = YES;
				CLANG_WARN_INFINITE_RECURSION = YES;
				CLANG_WARN_INT_CONVERSION = YES;
				CLANG_WARN_NON_LITERAL_NULL_CONVERSION = YES;
				CLANG_WARN_OBJC_IMPLICIT_RETAIN_SELF = YES;
				CLANG_WARN_OBJC_LITERAL_CONVERSION = YES;
				CLANG_WARN_OBJC_ROOT_CLASS = YES_ERROR;
				CLANG_WARN_QUOTED_INCLUDE_IN_FRAMEWORK_HEADER = YES;
				CLANG_WARN_RANGE_LOOP_ANALYSIS = YES;
				CLANG_WARN_STRICT_PROTOTYPES = YES;
				CLANG_WARN_SUSPICIOUS_MOVE = YES;
				CLANG_WARN_UNGUARDED_AVAILABILITY = YES_AGGRESSIVE;
				CLANG_WARN_UNREACHABLE_CODE = YES;
				CLANG_WARN__DUPLICATE_METHOD_MATCH = YES;
				COPY_PHASE_STRIP = NO;
				DEBUG_INFORMATION_FORMAT = "dwarf-with-dsym";
				ENABLE_NS_ASSERTIONS = NO;
				ENABLE_STRICT_OBJC_MSGSEND = YES;
				GCC_C_LANGUAGE_STANDARD = gnu11;
				GCC_NO_COMMON_BLOCKS = YES;
				GCC_WARN_64_TO_32_BIT_CONVERSION = YES;
				GCC_WARN_ABOUT_RETURN_TYPE = YES_ERROR;
				GCC_WARN_UNDECLARED_SELECTOR = YES;
				GCC_WARN_UNINITIALIZED_AUTOS = YES_AGGRESSIVE;
				GCC_WARN_UNUSED_FUNCTION = YES;
				GCC_WARN_UNUSED_VARIABLE = YES;
				IPHONEOS_DEPLOYMENT_TARGET = 15.0;
				MTL_ENABLE_DEBUG_INFO = NO;
				MTL_FAST_MATH = YES;
				SDKROOT = iphoneos;
				SWIFT_COMPILATION_MODE = wholemodule;
				SWIFT_OPTIMIZATION_LEVEL = "-O";
				VALIDATE_PRODUCT = YES;
			};
			name = Release;
		};
		1826E38B276830E10019B3A3 /* Debug */ = {
			isa = XCBuildConfiguration;
			buildSettings = {
				ASSETCATALOG_COMPILER_APPICON_NAME = AppIcon;
				ASSETCATALOG_COMPILER_GLOBAL_ACCENT_COLOR_NAME = AccentColor;
				CODE_SIGN_STYLE = Automatic;
				CURRENT_PROJECT_VERSION = 1;
				DEVELOPMENT_TEAM = L4CX4QKSV5;
				GENERATE_INFOPLIST_FILE = YES;
				INFOPLIST_FILE = Stopwatch/Info.plist;
				INFOPLIST_KEY_UIApplicationSupportsIndirectInputEvents = YES;
				INFOPLIST_KEY_UILaunchStoryboardName = LaunchScreen;
				INFOPLIST_KEY_UISupportedInterfaceOrientations_iPad = "UIInterfaceOrientationPortrait UIInterfaceOrientationPortraitUpsideDown UIInterfaceOrientationLandscapeLeft UIInterfaceOrientationLandscapeRight";
				INFOPLIST_KEY_UISupportedInterfaceOrientations_iPhone = "UIInterfaceOrientationPortrait UIInterfaceOrientationLandscapeLeft UIInterfaceOrientationLandscapeRight";
				LD_RUNPATH_SEARCH_PATHS = (
					"$(inherited)",
					"@executable_path/Frameworks",
				);
				MARKETING_VERSION = 1.0;
				PRODUCT_BUNDLE_IDENTIFIER = com.esquilli.Stopwatch;
				PRODUCT_NAME = "$(TARGET_NAME)";
				SWIFT_EMIT_LOC_STRINGS = YES;
				SWIFT_VERSION = 5.0;
				TARGETED_DEVICE_FAMILY = "1,2";
			};
			name = Debug;
		};
		1826E38C276830E10019B3A3 /* Release */ = {
			isa = XCBuildConfiguration;
			buildSettings = {
				ASSETCATALOG_COMPILER_APPICON_NAME = AppIcon;
				ASSETCATALOG_COMPILER_GLOBAL_ACCENT_COLOR_NAME = AccentColor;
				CODE_SIGN_STYLE = Automatic;
				CURRENT_PROJECT_VERSION = 1;
				DEVELOPMENT_TEAM = L4CX4QKSV5;
				GENERATE_INFOPLIST_FILE = YES;
				INFOPLIST_FILE = Stopwatch/Info.plist;
				INFOPLIST_KEY_UIApplicationSupportsIndirectInputEvents = YES;
				INFOPLIST_KEY_UILaunchStoryboardName = LaunchScreen;
				INFOPLIST_KEY_UISupportedInterfaceOrientations_iPad = "UIInterfaceOrientationPortrait UIInterfaceOrientationPortraitUpsideDown UIInterfaceOrientationLandscapeLeft UIInterfaceOrientationLandscapeRight";
				INFOPLIST_KEY_UISupportedInterfaceOrientations_iPhone = "UIInterfaceOrientationPortrait UIInterfaceOrientationLandscapeLeft UIInterfaceOrientationLandscapeRight";
				LD_RUNPATH_SEARCH_PATHS = (
					"$(inherited)",
					"@executable_path/Frameworks",
				);
				MARKETING_VERSION = 1.0;
				PRODUCT_BUNDLE_IDENTIFIER = com.esquilli.Stopwatch;
				PRODUCT_NAME = "$(TARGET_NAME)";
				SWIFT_EMIT_LOC_STRINGS = YES;
				SWIFT_VERSION = 5.0;
				TARGETED_DEVICE_FAMILY = "1,2";
			};
			name = Release;
		};
		1826E38E276830E10019B3A3 /* Debug */ = {
			isa = XCBuildConfiguration;
			buildSettings = {
				ALWAYS_EMBED_SWIFT_STANDARD_LIBRARIES = YES;
				BUNDLE_LOADER = "$(TEST_HOST)";
				CODE_SIGN_STYLE = Automatic;
				CURRENT_PROJECT_VERSION = 1;
				DEVELOPMENT_TEAM = L4CX4QKSV5;
				GENERATE_INFOPLIST_FILE = YES;
				IPHONEOS_DEPLOYMENT_TARGET = 15.0;
				LD_RUNPATH_SEARCH_PATHS = (
					"$(inherited)",
					"@executable_path/Frameworks",
					"@loader_path/Frameworks",
				);
				MARKETING_VERSION = 1.0;
				PRODUCT_BUNDLE_IDENTIFIER = com.esquilli.Stopwatch.StopwatchTests;
				PRODUCT_NAME = "$(TARGET_NAME)";
				SWIFT_EMIT_LOC_STRINGS = NO;
				SWIFT_VERSION = 5.0;
				TARGETED_DEVICE_FAMILY = "1,2";
				TEST_HOST = "$(BUILT_PRODUCTS_DIR)/Stopwatch.app/Stopwatch";
			};
			name = Debug;
		};
		1826E38F276830E10019B3A3 /* Release */ = {
			isa = XCBuildConfiguration;
			buildSettings = {
				ALWAYS_EMBED_SWIFT_STANDARD_LIBRARIES = YES;
				BUNDLE_LOADER = "$(TEST_HOST)";
				CODE_SIGN_STYLE = Automatic;
				CURRENT_PROJECT_VERSION = 1;
				DEVELOPMENT_TEAM = L4CX4QKSV5;
				GENERATE_INFOPLIST_FILE = YES;
				IPHONEOS_DEPLOYMENT_TARGET = 15.0;
				LD_RUNPATH_SEARCH_PATHS = (
					"$(inherited)",
					"@executable_path/Frameworks",
					"@loader_path/Frameworks",
				);
				MARKETING_VERSION = 1.0;
				PRODUCT_BUNDLE_IDENTIFIER = com.esquilli.Stopwatch.StopwatchTests;
				PRODUCT_NAME = "$(TARGET_NAME)";
				SWIFT_EMIT_LOC_STRINGS = NO;
				SWIFT_VERSION = 5.0;
				TARGETED_DEVICE_FAMILY = "1,2";
				TEST_HOST = "$(BUILT_PRODUCTS_DIR)/Stopwatch.app/Stopwatch";
			};
			name = Release;
		};
		1826E391276830E10019B3A3 /* Debug */ = {
			isa = XCBuildConfiguration;
			buildSettings = {
				ALWAYS_EMBED_SWIFT_STANDARD_LIBRARIES = YES;
				CODE_SIGN_STYLE = Automatic;
				CURRENT_PROJECT_VERSION = 1;
				DEVELOPMENT_TEAM = L4CX4QKSV5;
				GENERATE_INFOPLIST_FILE = YES;
				LD_RUNPATH_SEARCH_PATHS = (
					"$(inherited)",
					"@executable_path/Frameworks",
					"@loader_path/Frameworks",
				);
				MARKETING_VERSION = 1.0;
				PRODUCT_BUNDLE_IDENTIFIER = com.esquilli.Stopwatch.StopwatchUITests;
				PRODUCT_NAME = "$(TARGET_NAME)";
				SWIFT_EMIT_LOC_STRINGS = NO;
				SWIFT_VERSION = 5.0;
				TARGETED_DEVICE_FAMILY = "1,2";
				TEST_TARGET_NAME = Stopwatch;
			};
			name = Debug;
		};
		1826E392276830E10019B3A3 /* Release */ = {
			isa = XCBuildConfiguration;
			buildSettings = {
				ALWAYS_EMBED_SWIFT_STANDARD_LIBRARIES = YES;
				CODE_SIGN_STYLE = Automatic;
				CURRENT_PROJECT_VERSION = 1;
				DEVELOPMENT_TEAM = L4CX4QKSV5;
				GENERATE_INFOPLIST_FILE = YES;
				LD_RUNPATH_SEARCH_PATHS = (
					"$(inherited)",
					"@executable_path/Frameworks",
					"@loader_path/Frameworks",
				);
				MARKETING_VERSION = 1.0;
				PRODUCT_BUNDLE_IDENTIFIER = com.esquilli.Stopwatch.StopwatchUITests;
				PRODUCT_NAME = "$(TARGET_NAME)";
				SWIFT_EMIT_LOC_STRINGS = NO;
				SWIFT_VERSION = 5.0;
				TARGETED_DEVICE_FAMILY = "1,2";
				TEST_TARGET_NAME = Stopwatch;
			};
			name = Release;
		};
/* End XCBuildConfiguration section */

/* Begin XCConfigurationList section */
		1826E35B276830DF0019B3A3 /* Build configuration list for PBXProject "Stopwatch" */ = {
			isa = XCConfigurationList;
			buildConfigurations = (
				1826E388276830E10019B3A3 /* Debug */,
				1826E389276830E10019B3A3 /* Release */,
			);
			defaultConfigurationIsVisible = 0;
			defaultConfigurationName = Release;
		};
		1826E38A276830E10019B3A3 /* Build configuration list for PBXNativeTarget "Stopwatch" */ = {
			isa = XCConfigurationList;
			buildConfigurations = (
				1826E38B276830E10019B3A3 /* Debug */,
				1826E38C276830E10019B3A3 /* Release */,
			);
			defaultConfigurationIsVisible = 0;
			defaultConfigurationName = Release;
		};
		1826E38D276830E10019B3A3 /* Build configuration list for PBXNativeTarget "StopwatchTests" */ = {
			isa = XCConfigurationList;
			buildConfigurations = (
				1826E38E276830E10019B3A3 /* Debug */,
				1826E38F276830E10019B3A3 /* Release */,
			);
			defaultConfigurationIsVisible = 0;
			defaultConfigurationName = Release;
		};
		1826E390276830E10019B3A3 /* Build configuration list for PBXNativeTarget "StopwatchUITests" */ = {
			isa = XCConfigurationList;
			buildConfigurations = (
				1826E391276830E10019B3A3 /* Debug */,
				1826E392276830E10019B3A3 /* Release */,
			);
			defaultConfigurationIsVisible = 0;
			defaultConfigurationName = Release;
		};
/* End XCConfigurationList section */
	};
	rootObject = 1826E358276830DF0019B3A3 /* Project object */;
}
